
Microsoft Visual Studio Solution File, Format Version 12.00
# Visual Studio Version 17
VisualStudioVersion = 17.4.33122.133
MinimumVisualStudioVersion = 10.0.40219.1
Project("{FAE04EC0-301F-11D3-BF4B-00C04F79EFBC}") = "WebAPIAuthorization", "WebAPIAuthorization.csproj", "{418A7B5B-1441-4C8D-ABDD-270B1D872581}"
EndProject
Global
	GlobalSection(SolutionConfigurationPlatforms) = preSolution
		Debug|Any CPU = Debug|Any CPU
		Release|Any CPU = Release|Any CPU
	EndGlobalSection
	GlobalSection(ProjectConfigurationPlatforms) = postSolution
		{418A7B5B-1441-4C8D-ABDD-270B1D872581}.Debug|Any CPU.ActiveCfg = Debug|Any CPU
		{418A7B5B-1441-4C8D-ABDD-270B1D872581}.Debug|Any CPU.Build.0 = Debug|Any CPU
		{418A7B5B-1441-4C8D-ABDD-270B1D872581}.Release|Any CPU.ActiveCfg = Release|Any CPU
		{418A7B5B-1441-4C8D-ABDD-270B1D872581}.Release|Any CPU.Build.0 = Release|Any CPU
	EndGlobalSection
	GlobalSection(SolutionProperties) = preSolution
		HideSolutionNode = FALSE
	EndGlobalSection
	GlobalSection(ExtensibilityGlobals) = postSolution
		SolutionGuid = {67D07CB7-0B4E-4FFB-BA23-71D5E8064619}
	EndGlobalSection
EndGlobal
